// !$*UTF8*$!
{
	archiveVersion = 1;
	classes = {
	};
	objectVersion = 46;
	objects = {

/* Begin PBXBuildFile section */
		B783A6C11C725FE200E52BBF /* AppDelegate.swift in Sources */ = {isa = PBXBuildFile; fileRef = B783A6C01C725FE200E52BBF /* AppDelegate.swift */; };
		B783A6C31C725FE200E52BBF /* ViewController.swift in Sources */ = {isa = PBXBuildFile; fileRef = B783A6C21C725FE200E52BBF /* ViewController.swift */; };
		B783A6C61C725FE300E52BBF /* Main.storyboard in Resources */ = {isa = PBXBuildFile; fileRef = B783A6C41C725FE300E52BBF /* Main.storyboard */; };
		B783A6C81C725FE300E52BBF /* Assets.xcassets in Resources */ = {isa = PBXBuildFile; fileRef = B783A6C71C725FE300E52BBF /* Assets.xcassets */; };
		B783A6CB1C725FE300E52BBF /* LaunchScreen.storyboard in Resources */ = {isa = PBXBuildFile; fileRef = B783A6C91C725FE300E52BBF /* LaunchScreen.storyboard */; };
		B783A6D31C72705000E52BBF /* Minecraft.ttf in Resources */ = {isa = PBXBuildFile; fileRef = B783A6D21C72705000E52BBF /* Minecraft.ttf */; };
/* End PBXBuildFile section */

/* Begin PBXFileReference section */
		B783A6BD1C725FE200E52BBF /* Space Calculator.app */ = {isa = PBXFileReference; explicitFileType = wrapper.application; includeInIndex = 0; path = "Space Calculator.app"; sourceTree = BUILT_PRODUCTS_DIR; };
		B783A6C01C725FE200E52BBF /* AppDelegate.swift */ = {isa = PBXFileReference; lastKnownFileType = sourcecode.swift; path = AppDelegate.swift; sourceTree = "<group>"; };
		B783A6C21C725FE200E52BBF /* ViewController.swift */ = {isa = PBXFileReference; lastKnownFileType = sourcecode.swift; path = ViewController.swift; sourceTree = "<group>"; };
		B783A6C51C725FE300E52BBF /* Base */ = {isa = PBXFileReference; lastKnownFileType = file.storyboard; name = Base; path = Base.lproj/Main.storyboard; sourceTree = "<group>"; };
		B783A6C71C725FE300E52BBF /* Assets.xcassets */ = {isa = PBXFileReference; lastKnownFileType = folder.assetcatalog; path = Assets.xcassets; sourceTree = "<group>"; };
		B783A6CA1C725FE300E52BBF /* Base */ = {isa = PBXFileReference; lastKnownFileType = file.storyboard; name = Base; path = Base.lproj/LaunchScreen.storyboard; sourceTree = "<group>"; };
		B783A6CC1C725FE300E52BBF /* Info.plist */ = {isa = PBXFileReference; lastKnownFileType = text.plist.xml; path = Info.plist; sourceTree = "<group>"; };
		B783A6D21C72705000E52BBF /* Minecraft.ttf */ = {isa = PBXFileReference; lastKnownFileType = file; path = Minecraft.ttf; sourceTree = "<group>"; };
/* End PBXFileReference section */

/* Begin PBXFrameworksBuildPhase section */
		B783A6BA1C725FE200E52BBF /* Frameworks */ = {
			isa = PBXFrameworksBuildPhase;
			buildActionMask = 2147483647;
			files = (
			);
			runOnlyForDeploymentPostprocessing = 0;
		};
/* End PBXFrameworksBuildPhase section */

/* Begin PBXGroup section */
		B783A6B41C725FE200E52BBF = {
			isa = PBXGroup;
			children = (
				B783A6BF1C725FE200E52BBF /* Space Calculator */,
				B783A6BE1C725FE200E52BBF /* Products */,
			);
			sourceTree = "<group>";
		};
		B783A6BE1C725FE200E52BBF /* Products */ = {
			isa = PBXGroup;
			children = (
				B783A6BD1C725FE200E52BBF /* Space Calculator.app */,
			);
			name = Products;
			sourceTree = "<group>";
		};
		B783A6BF1C725FE200E52BBF /* Space Calculator */ = {
			isa = PBXGroup;
			children = (
				B783A6C01C725FE200E52BBF /* AppDelegate.swift */,
				B783A6C21C725FE200E52BBF /* ViewController.swift */,
				B783A6C41C725FE300E52BBF /* Main.storyboard */,
				B783A6D21C72705000E52BBF /* Minecraft.ttf */,
				B783A6C71C725FE300E52BBF /* Assets.xcassets */,
				B783A6C91C725FE300E52BBF /* LaunchScreen.storyboard */,
				B783A6CC1C725FE300E52BBF /* Info.plist */,
			);
			path = "Space Calculator";
			sourceTree = "<group>";
		};
/* End PBXGroup section */

/* Begin PBXNativeTarget section */
		B783A6BC1C725FE200E52BBF /* Space Calculator */ = {
			isa = PBXNativeTarget;
			buildConfigurationList = B783A6CF1C725FE300E52BBF /* Build configuration list for PBXNativeTarget "Space Calculator" */;
			buildPhases = (
				B783A6B91C725FE200E52BBF /* Sources */,
				B783A6BA1C725FE200E52BBF /* Frameworks */,
				B783A6BB1C725FE200E52BBF /* Resources */,
			);
			buildRules = (
			);
			dependencies = (
			);
			name = "Space Calculator";
			productName = "Space Calculator";
			productReference = B783A6BD1C725FE200E52BBF /* Space Calculator.app */;
			productType = "com.apple.product-type.application";
		};
/* End PBXNativeTarget section */

/* Begin PBXProject section */
		B783A6B51C725FE200E52BBF /* Project object */ = {
			isa = PBXProject;
			attributes = {
				LastSwiftUpdateCheck = 0720;
				LastUpgradeCheck = 0720;
				ORGANIZATIONNAME = "Joseph Pilon";
				TargetAttributes = {
					B783A6BC1C725FE200E52BBF = {
						CreatedOnToolsVersion = 7.2;
						DevelopmentTeam = BQ84FFH7QQ;
					};
				};
			};
			buildConfigurationList = B783A6B81C725FE200E52BBF /* Build configuration list for PBXProject "Space Calculator" */;
			compatibilityVersion = "Xcode 3.2";
			developmentRegion = English;
			hasScannedForEncodings = 0;
			knownRegions = (
				en,
				Base,
			);
			mainGroup = B783A6B41C725FE200E52BBF;
			productRefGroup = B783A6BE1C725FE200E52BBF /* Products */;
			projectDirPath = "";
			projectRoot = "";
			targets = (
				B783A6BC1C725FE200E52BBF /* Space Calculator */,
			);
		};
/* End PBXProject section */

/* Begin PBXResourcesBuildPhase section */
		B783A6BB1C725FE200E52BBF /* Resources */ = {
			isa = PBXResourcesBuildPhase;
			buildActionMask = 2147483647;
			files = (
				B783A6CB1C725FE300E52BBF /* LaunchScreen.storyboard in Resources */,
				B783A6C81C725FE300E52BBF /* Assets.xcassets in Resources */,
				B783A6D31C72705000E52BBF /* Minecraft.ttf in Resources */,
				B783A6C61C725FE300E52BBF /* Main.storyboard in Resources */,
			);
			runOnlyForDeploymentPostprocessing = 0;
		};
/* End PBXResourcesBuildPhase section */

/* Begin PBXSourcesBuildPhase section */
		B783A6B91C725FE200E52BBF /* Sources */ = {
			isa = PBXSourcesBuildPhase;
			buildActionMask = 2147483647;
			files = (
				B783A6C31C725FE200E52BBF /* ViewController.swift in Sources */,
				B783A6C11C725FE200E52BBF /* AppDelegate.swift in Sources */,
			);
			runOnlyForDeploymentPostprocessing = 0;
		};
/* End PBXSourcesBuildPhase section */

/* Begin PBXVariantGroup section */
		B783A6C41C725FE300E52BBF /* Main.storyboard */ = {
			isa = PBXVariantGroup;
			children = (
				B783A6C51C725FE300E52BBF /* Base */,
			);
			name = Main.storyboard;
			sourceTree = "<group>";
		};
		B783A6C91C725FE300E52BBF /* LaunchScreen.storyboard */ = {
			isa = PBXVariantGroup;
			children = (
				B783A6CA1C725FE300E52BBF /* Base */,
			);
			name = LaunchScreen.storyboard;
			sourceTree = "<group>";
		};
/* End PBXVariantGroup section */

/* Begin XCBuildConfiguration section */
		B783A6CD1C725FE300E52BBF /* Debug */ = {
			isa = XCBuildConfiguration;
			buildSettings = {
				ALWAYS_SEARCH_USER_PATHS = NO;
				CLANG_CXX_LANGUAGE_STANDARD = "gnu++0x";
				CLANG_CXX_LIBRARY = "libc++";
				CLANG_ENABLE_MODULES = YES;
				CLANG_ENABLE_OBJC_ARC = YES;
				CLANG_WARN_BOOL_CONVERSION = YES;
				CLANG_WARN_CONSTANT_CONVERSION = YES;
				CLANG_WARN_DIRECT_OBJC_ISA_USAGE = YES_ERROR;
				CLANG_WARN_EMPTY_BODY = YES;
				CLANG_WARN_ENUM_CONVERSION = YES;
				CLANG_WARN_INT_CONVERSION = YES;
				CLANG_WARN_OBJC_ROOT_CLASS = YES_ERROR;
				CLANG_WARN_UNREACHABLE_CODE = YES;
				CLANG_WARN__DUPLICATE_METHOD_MATCH = YES;
				"CODE_SIGN_IDENTITY[sdk=iphoneos*]" = "iPhone Developer";
				COPY_PHASE_STRIP = NO;
				DEBUG_INFORMATION_FORMAT = dwarf;
				ENABLE_STRICT_OBJC_MSGSEND = YES;
				ENABLE_TESTABILITY = YES;
				GCC_C_LANGUAGE_STANDARD = gnu99;
				GCC_DYNAMIC_NO_PIC = NO;
				GCC_NO_COMMON_BLOCKS = YES;
				GCC_OPTIMIZATION_LEVEL = 0;
				GCC_PREPROCESSOR_DEFINITIONS = (
					"DEBUG=1",
					"$(inherited)",
				);
				GCC_WARN_64_TO_32_BIT_CONVERSION = YES;
				GCC_WARN_ABOUT_RETURN_TYPE = YES_ERROR;
				GCC_WARN_UNDECLARED_SELECTOR = YES;
				GCC_WARN_UNINITIALIZED_AUTOS = YES_AGGRESSIVE;
				GCC_WARN_UNUSED_FUNCTION = YES;
				GCC_WARN_UNUSED_VARIABLE = YES;
				IPHONEOS_DEPLOYMENT_TARGET = 9.2;
				MTL_ENABLE_DEBUG_INFO = YES;
				ONLY_ACTIVE_ARCH = YES;
				SDKROOT = iphoneos;
				SWIFT_OPTIMIZATION_LEVEL = "-Onone";
				TARGETED_DEVICE_FAMILY = "1,2";
			};
			name = Debug;
		};
		B783A6CE1C725FE300E52BBF /* Release */ = {
			isa = XCBuildConfiguration;
			buildSettings = {
				ALWAYS_SEARCH_USER_PATHS = NO;
				CLANG_CXX_LANGUAGE_STANDARD = "gnu++0x";
				CLANG_CXX_LIBRARY = "libc++";
				CLANG_ENABLE_MODULES = YES;
				CLANG_ENABLE_OBJC_ARC = YES;
				CLANG_WARN_BOOL_CONVERSION = YES;
				CLANG_WARN_CONSTANT_CONVERSION = YES;
				CLANG_WARN_DIRECT_OBJC_ISA_USAGE = YES_ERROR;
				CLANG_WARN_EMPTY_BODY = YES;
				CLANG_WARN_ENUM_CONVERSION = YES;
				CLANG_WARN_INT_CONVERSION = YES;
				CLANG_WARN_OBJC_ROOT_CLASS = YES_ERROR;
				CLANG_WARN_UNREACHABLE_CODE = YES;
				CLANG_WARN__DUPLICATE_METHOD_MATCH = YES;
				"CODE_SIGN_IDENTITY[sdk=iphoneos*]" = "iPhone Developer";
				COPY_PHASE_STRIP = NO;
				DEBUG_INFORMATION_FORMAT = "dwarf-with-dsym";
				ENABLE_NS_ASSERTIONS = NO;
				ENABLE_STRICT_OBJC_MSGSEND = YES;
				GCC_C_LANGUAGE_STANDARD = gnu99;
				GCC_NO_COMMON_BLOCKS = YES;
				GCC_WARN_64_TO_32_BIT_CONVERSION = YES;
				GCC_WARN_ABOUT_RETURN_TYPE = YES_ERROR;
				GCC_WARN_UNDECLARED_SELECTOR = YES;
				GCC_WARN_UNINITIALIZED_AUTOS = YES_AGGRESSIVE;
				GCC_WARN_UNUSED_FUNCTION = YES;
				GCC_WARN_UNUSED_VARIABLE = YES;
				IPHONEOS_DEPLOYMENT_TARGET = 9.2;
				MTL_ENABLE_DEBUG_INFO = NO;
				SDKROOT = iphoneos;
				TARGETED_DEVICE_FAMILY = "1,2";
				VALIDATE_PRODUCT = YES;
			};
			name = Release;
		};
		B783A6D01C725FE300E52BBF /* Debug */ = {
			isa = XCBuildConfiguration;
			buildSettings = {
				ASSETCATALOG_COMPILER_APPICON_NAME = AppIcon;
				INFOPLIST_FILE = "Space Calculator/Info.plist";
				LD_RUNPATH_SEARCH_PATHS = "$(inherited) @executable_path/Frameworks";
				PRODUCT_BUNDLE_IDENTIFIER = "com.gulptech.Space-Calculator";
				PRODUCT_NAME = "$(TARGET_NAME)";
			};
			name = Debug;
		};
		B783A6D11C725FE300E52BBF /* Release */ = {
			isa = XCBuildConfiguration;
			buildSettings = {
				ASSETCATALOG_COMPILER_APPICON_NAME = AppIcon;
				INFOPLIST_FILE = "Space Calculator/Info.plist";
				LD_RUNPATH_SEARCH_PATHS = "$(inherited) @executable_path/Frameworks";
				PRODUCT_BUNDLE_IDENTIFIER = "com.gulptech.Space-Calculator";
				PRODUCT_NAME = "$(TARGET_NAME)";
			};
			name = Release;
		};
/* End XCBuildConfiguration section */

/* Begin XCConfigurationList section */
		B783A6B81C725FE200E52BBF /* Build configuration list for PBXProject "Space Calculator" */ = {
			isa = XCConfigurationList;
			buildConfigurations = (
				B783A6CD1C725FE300E52BBF /* Debug */,
				B783A6CE1C725FE300E52BBF /* Release */,
			);
			defaultConfigurationIsVisible = 0;
			defaultConfigurationName = Release;
		};
		B783A6CF1C725FE300E52BBF /* Build configuration list for PBXNativeTarget "Space Calculator" */ = {
			isa = XCConfigurationList;
			buildConfigurations = (
				B783A6D01C725FE300E52BBF /* Debug */,
				B783A6D11C725FE300E52BBF /* Release */,
			);
			defaultConfigurationIsVisible = 0;
		};
/* End XCConfigurationList section */
	};
	rootObject = B783A6B51C725FE200E52BBF /* Project object */;
}
